{
  "name": "@folklore/events",
  "version": "0.0.5",
  "lockfileVersion": 2,
  "requires": true,
  "packages": {
    "": {
      "name": "@folklore/events",
      "version": "0.0.5",
      "dependencies": {
        "detect-passive-events": "^2.0.3",
        "wolfy87-eventemitter": "^5.2.9"
      },
      "devDependencies": {
        "react": "^17.0.0 || ^18.0.0",
        "react-dom": "^17.0.0 || ^18.0.0"
      },
      "peerDependencies": {
        "react": "^16.8.0 || ^17.0.0 || ^18.0.0",
        "react-dom": "^16.8.0 || ^17.0.0 || ^18.0.0"
      }
    },
    "node_modules/detect-it": {
      "version": "4.0.1",
      "resolved": "https://registry.npmjs.org/detect-it/-/detect-it-4.0.1.tgz",
      "integrity": "sha512-dg5YBTJYvogK1+dA2mBUDKzOWfYZtHVba89SyZUhc4+e3i2tzgjANFg5lDRCd3UOtRcw00vUTMK8LELcMdicug=="
    },
    "node_modules/detect-passive-events": {
      "version": "2.0.3",
      "resolved": "https://registry.npmjs.org/detect-passive-events/-/detect-passive-events-2.0.3.tgz",
      "integrity": "sha512-QN/1X65Axis6a9D8qg8Py9cwY/fkWAmAH/edTbmLMcv4m5dboLJ7LcAi8CfaCON2tjk904KwKX/HTdsHC6yeRg==",
      "dependencies": {
        "detect-it": "^4.0.1"
      }
    },
    "node_modules/js-tokens": {
      "version": "4.0.0",
      "dev": true,
      "license": "MIT"
    },
    "node_modules/loose-envify": {
      "version": "1.4.0",
      "dev": true,
      "license": "MIT",
      "dependencies": {
        "js-tokens": "^3.0.0 || ^4.0.0"
      },
      "bin": {
        "loose-envify": "cli.js"
      }
    },
    "node_modules/react": {
      "version": "18.0.0",
      "dev": true,
      "license": "MIT",
      "dependencies": {
        "loose-envify": "^1.1.0"
      },
      "engines": {
        "node": ">=0.10.0"
      }
    },
    "node_modules/react-dom": {
      "version": "18.0.0",
      "dev": true,
      "license": "MIT",
      "dependencies": {
        "loose-envify": "^1.1.0",
        "scheduler": "^0.21.0"
      },
      "peerDependencies": {
        "react": "^18.0.0"
      }
    },
    "node_modules/scheduler": {
      "version": "0.21.0",
      "dev": true,
      "license": "MIT",
      "dependencies": {
        "loose-envify": "^1.1.0"
      }
    },
    "node_modules/wolfy87-eventemitter": {
      "version": "5.2.9",
      "resolved": "https://registry.npmjs.org/wolfy87-eventemitter/-/wolfy87-eventemitter-5.2.9.tgz",
      "integrity": "sha512-P+6vtWyuDw+MB01X7UeF8TaHBvbCovf4HPEMF/SV7BdDc1SMTiBy13SRD71lQh4ExFTG1d/WNzDGDCyOKSMblw=="
    }
  },
  "dependencies": {
    "detect-it": {
      "version": "4.0.1",
      "resolved": "https://registry.npmjs.org/detect-it/-/detect-it-4.0.1.tgz",
      "integrity": "sha512-dg5YBTJYvogK1+dA2mBUDKzOWfYZtHVba89SyZUhc4+e3i2tzgjANFg5lDRCd3UOtRcw00vUTMK8LELcMdicug=="
    },
    "detect-passive-events": {
      "version": "2.0.3",
      "resolved": "https://registry.npmjs.org/detect-passive-events/-/detect-passive-events-2.0.3.tgz",
      "integrity": "sha512-QN/1X65Axis6a9D8qg8Py9cwY/fkWAmAH/edTbmLMcv4m5dboLJ7LcAi8CfaCON2tjk904KwKX/HTdsHC6yeRg==",
      "requires": {
        "detect-it": "^4.0.1"
      }
    },
    "js-tokens": {
      "version": "4.0.0",
      "dev": true
    },
    "loose-envify": {
      "version": "1.4.0",
      "dev": true,
      "requires": {
        "js-tokens": "^3.0.0 || ^4.0.0"
      }
    },
    "react": {
      "version": "18.0.0",
      "dev": true,
      "requires": {
        "loose-envify": "^1.1.0"
      }
    },
    "react-dom": {
      "version": "18.0.0",
      "dev": true,
      "requires": {
        "loose-envify": "^1.1.0",
        "scheduler": "^0.21.0"
      }
    },
    "scheduler": {
      "version": "0.21.0",
      "dev": true,
      "requires": {
        "loose-envify": "^1.1.0"
      }
    },
    "wolfy87-eventemitter": {
      "version": "5.2.9",
      "resolved": "https://registry.npmjs.org/wolfy87-eventemitter/-/wolfy87-eventemitter-5.2.9.tgz",
      "integrity": "sha512-P+6vtWyuDw+MB01X7UeF8TaHBvbCovf4HPEMF/SV7BdDc1SMTiBy13SRD71lQh4ExFTG1d/WNzDGDCyOKSMblw=="
    }
  }
}
